<?xml version="1.0" encoding="utf-8"?>
<Project ToolsVersion="4.0" xmlns="http://schemas.microsoft.com/developer/msbuild/2003">
  <ItemGroup>
    <Filter Include="Source Files">
      <UniqueIdentifier>{4FC737F1-C7A5-4376-A066-2A32D752A2FF}</UniqueIdentifier>
      <Extensions>cpp;c;cc;cxx;c++;cppm;ixx;def;odl;idl;hpj;bat;asm;asmx</Extensions>
    </Filter>
    <Filter Include="Header Files">
      <UniqueIdentifier>{93995380-89BD-4b04-88EB-625FBE52EBFB}</UniqueIdentifier>
      <Extensions>h;hh;hpp;hxx;h++;hm;inl;inc;ipp;xsd</Extensions>
    </Filter>
    <Filter Include="Resource Files">
      <UniqueIdentifier>{67DA6AB6-F800-4c08-8B7A-83BB121AAD01}</UniqueIdentifier>
      <Extensions>rc;ico;cur;bmp;dlg;rc2;rct;bin;rgs;gif;jpg;jpeg;jpe;resx;tiff;tif;png;wav;mfcribbon-ms</Extensions>
    </Filter>
    <Filter Include="Header Files\GameObjects">
      <UniqueIdentifier>{cf4ea015-08b2-4b79-a431-a06f914fdab0}</UniqueIdentifier>
    </Filter>
    <Filter Include="Header Files\Main">
      <UniqueIdentifier>{57efc057-79ac-4ad3-a12b-54a36cfd8820}</UniqueIdentifier>
    </Filter>
    <Filter Include="Header Files\Components">
      <UniqueIdentifier>{ca888dce-3d16-4ade-96d3-e7d08968f626}</UniqueIdentifier>
    </Filter>
    <Filter Include="Source Files\Main">
      <UniqueIdentifier>{45748a47-5470-44f4-b51f-aec6a8195d85}</UniqueIdentifier>
    </Filter>
    <Filter Include="Source Files\GameObjects">
      <UniqueIdentifier>{14bed6f9-cf2f-4abe-97a9-e982ab3122ea}</UniqueIdentifier>
    </Filter>
    <Filter Include="Source Files\Components">
      <UniqueIdentifier>{ec856fdc-1acc-4875-8be8-c8412144ddbf}</UniqueIdentifier>
    </Filter>
    <Filter Include="Source Files\Game State">
      <UniqueIdentifier>{e0fb4721-15fd-4502-a3b6-8224c8ecab54}</UniqueIdentifier>
    </Filter>
    <Filter Include="Header Files\Game State">
      <UniqueIdentifier>{1fcdfd21-8705-4936-b1e1-35099142eb12}</UniqueIdentifier>
    </Filter>
  </ItemGroup>
  <ItemGroup>
    <ClCompile Include="Main.cpp">
      <Filter>Source Files\Main</Filter>
    </ClCompile>
    <ClCompile Include="Input.cpp">
      <Filter>Source Files\Main</Filter>
    </ClCompile>
    <ClCompile Include="Screen.cpp">
      <Filter>Source Files\Main</Filter>
    </ClCompile>
    <ClCompile Include="Block.cpp">
      <Filter>Source Files\GameObjects</Filter>
    </ClCompile>
    <ClCompile Include="GameObject.cpp">
      <Filter>Source Files\GameObjects</Filter>
    </ClCompile>
    <ClCompile Include="Player.cpp">
      <Filter>Source Files\GameObjects</Filter>
    </ClCompile>
    <ClCompile Include="Vector2D.cpp">
      <Filter>Source Files\Components</Filter>
    </ClCompile>
    <ClCompile Include="Music.cpp">
      <Filter>Source Files\Components</Filter>
    </ClCompile>
    <ClCompile Include="Sound.cpp">
      <Filter>Source Files\Components</Filter>
    </ClCompile>
    <ClCompile Include="Text.cpp">
      <Filter>Source Files\Components</Filter>
    </ClCompile>
    <ClCompile Include="Score.cpp">
      <Filter>Source Files\GameObjects</Filter>
    </ClCompile>
    <ClCompile Include="BoxCollide.cpp">
      <Filter>Source Files\Components</Filter>
    </ClCompile>
    <ClCompile Include="SphereCollide.cpp">
      <Filter>Source Files\Components</Filter>
    </ClCompile>
    <ClCompile Include="Sprite.cpp">
      <Filter>Source Files\Components</Filter>
    </ClCompile>
    <ClCompile Include="Game.cpp">
      <Filter>Source Files\Game State</Filter>
    </ClCompile>
    <ClCompile Include="State.cpp">
      <Filter>Source Files\Game State</Filter>
    </ClCompile>
    <ClCompile Include="PlayState.cpp">
      <Filter>Source Files\Game State</Filter>
    </ClCompile>
    <ClCompile Include="MenuState.cpp">
      <Filter>Source Files\Game State</Filter>
    </ClCompile>
    <ClCompile Include="Buttons.cpp">
      <Filter>Source Files\GameObjects</Filter>
    </ClCompile>
  </ItemGroup>
  <ItemGroup>
    <ClInclude Include="GameObject.h">
      <Filter>Header Files\GameObjects</Filter>
    </ClInclude>
    <ClInclude Include="Player.h">
      <Filter>Header Files\GameObjects</Filter>
    </ClInclude>
    <ClInclude Include="Input.h">
      <Filter>Header Files\Main</Filter>
    </ClInclude>
    <ClInclude Include="Screen.h">
      <Filter>Header Files\Main</Filter>
    </ClInclude>
    <ClInclude Include="Vector2D.h">
      <Filter>Header Files\Components</Filter>
    </ClInclude>
    <ClInclude Include="Block.h">
      <Filter>Header Files\GameObjects</Filter>
    </ClInclude>
    <ClInclude Include="Music.h">
      <Filter>Header Files\Components</Filter>
    </ClInclude>
    <ClInclude Include="Sound.h">
      <Filter>Header Files\Components</Filter>
    </ClInclude>
    <ClInclude Include="Text.h">
      <Filter>Header Files\Components</Filter>
    </ClInclude>
    <ClInclude Include="Score.h">
      <Filter>Header Files\GameObjects</Filter>
    </ClInclude>
    <ClInclude Include="BoxCollide.h">
      <Filter>Header Files\Components</Filter>
    </ClInclude>
    <ClInclude Include="SphereCollide.h">
      <Filter>Header Files\Components</Filter>
    </ClInclude>
    <ClInclude Include="Sprite.h">
      <Filter>Header Files\Components</Filter>
    </ClInclude>
    <ClInclude Include="Game.h">
      <Filter>Header Files\Game State</Filter>
    </ClInclude>
    <ClInclude Include="State.h">
      <Filter>Header Files\Game State</Filter>
    </ClInclude>
    <ClInclude Include="PlayState.h">
      <Filter>Header Files\Game State</Filter>
    </ClInclude>
    <ClInclude Include="MenuState.h">
      <Filter>Header Files\Game State</Filter>
    </ClInclude>
    <ClInclude Include="Buttons.h">
      <Filter>Header Files\GameObjects</Filter>
    </ClInclude>
  </ItemGroup>
</Project>